PODS:
  - FBSnapshotTestCase (2.1.4):
    - FBSnapshotTestCase/SwiftSupport (= 2.1.4)
  - FBSnapshotTestCase/Core (2.1.4)
  - FBSnapshotTestCase/SwiftSupport (2.1.4):
    - FBSnapshotTestCase/Core
  - KBThirdPartKit (0.1.0)

DEPENDENCIES:
  - FBSnapshotTestCase
  - KBThirdPartKit (from `../`)

EXTERNAL SOURCES:
  KBThirdPartKit:
    :path: ../

SPEC CHECKSUMS:
  FBSnapshotTestCase: 094f9f314decbabe373b87cc339bea235a63e07a
  KBThirdPartKit: f6fd16b97deab39ca9a06ea2a06a3b78b07b4ade

PODFILE CHECKSUM: fb0ff04de9f919ebeebcb5008d6baf03d7366c98

COCOAPODS: 1.3.1
